// !$*UTF8*$!
{
	archiveVersion = 1;
	classes = {
	};
	objectVersion = 50;
	objects = {

/* Begin PBXBuildFile section */
		717925E626009BA200A4A159 /* AppDelegate.swift in Sources */ = {isa = PBXBuildFile; fileRef = 717925E526009BA200A4A159 /* AppDelegate.swift */; };
		717925E826009BA200A4A159 /* SceneDelegate.swift in Sources */ = {isa = PBXBuildFile; fileRef = 717925E726009BA200A4A159 /* SceneDelegate.swift */; };
		717925EA26009BA200A4A159 /* ContentView.swift in Sources */ = {isa = PBXBuildFile; fileRef = 717925E926009BA200A4A159 /* ContentView.swift */; };
		717925EC26009BA300A4A159 /* Assets.xcassets in Resources */ = {isa = PBXBuildFile; fileRef = 717925EB26009BA300A4A159 /* Assets.xcassets */; };
		717925EF26009BA300A4A159 /* Preview Assets.xcassets in Resources */ = {isa = PBXBuildFile; fileRef = 717925EE26009BA300A4A159 /* Preview Assets.xcassets */; };
		717925F226009BA300A4A159 /* LaunchScreen.storyboard in Resources */ = {isa = PBXBuildFile; fileRef = 717925F026009BA300A4A159 /* LaunchScreen.storyboard */; };
		717925FD26009BA300A4A159 /* MyCamera13Tests.swift in Sources */ = {isa = PBXBuildFile; fileRef = 717925FC26009BA300A4A159 /* MyCamera13Tests.swift */; };
		7179260826009BA300A4A159 /* MyCamera13UITests.swift in Sources */ = {isa = PBXBuildFile; fileRef = 7179260726009BA300A4A159 /* MyCamera13UITests.swift */; };
		7179262126009FF300A4A159 /* ActivityView.swift in Sources */ = {isa = PBXBuildFile; fileRef = 7179261E26009FF300A4A159 /* ActivityView.swift */; };
		7179262226009FF300A4A159 /* ImagePickerView.swift in Sources */ = {isa = PBXBuildFile; fileRef = 7179261F26009FF300A4A159 /* ImagePickerView.swift */; };
		7179262326009FF300A4A159 /* PHPickerView.swift in Sources */ = {isa = PBXBuildFile; fileRef = 7179262026009FF300A4A159 /* PHPickerView.swift */; };
/* End PBXBuildFile section */

/* Begin PBXContainerItemProxy section */
		717925F926009BA300A4A159 /* PBXContainerItemProxy */ = {
			isa = PBXContainerItemProxy;
			containerPortal = 717925DA26009BA200A4A159 /* Project object */;
			proxyType = 1;
			remoteGlobalIDString = 717925E126009BA200A4A159;
			remoteInfo = MyCamera13;
		};
		7179260426009BA300A4A159 /* PBXContainerItemProxy */ = {
			isa = PBXContainerItemProxy;
			containerPortal = 717925DA26009BA200A4A159 /* Project object */;
			proxyType = 1;
			remoteGlobalIDString = 717925E126009BA200A4A159;
			remoteInfo = MyCamera13;
		};
/* End PBXContainerItemProxy section */

/* Begin PBXFileReference section */
		717925E226009BA200A4A159 /* MyCamera13.app */ = {isa = PBXFileReference; explicitFileType = wrapper.application; includeInIndex = 0; path = MyCamera13.app; sourceTree = BUILT_PRODUCTS_DIR; };
		717925E526009BA200A4A159 /* AppDelegate.swift */ = {isa = PBXFileReference; lastKnownFileType = sourcecode.swift; path = AppDelegate.swift; sourceTree = "<group>"; };
		717925E726009BA200A4A159 /* SceneDelegate.swift */ = {isa = PBXFileReference; lastKnownFileType = sourcecode.swift; path = SceneDelegate.swift; sourceTree = "<group>"; };
		717925E926009BA200A4A159 /* ContentView.swift */ = {isa = PBXFileReference; lastKnownFileType = sourcecode.swift; path = ContentView.swift; sourceTree = "<group>"; };
		717925EB26009BA300A4A159 /* Assets.xcassets */ = {isa = PBXFileReference; lastKnownFileType = folder.assetcatalog; path = Assets.xcassets; sourceTree = "<group>"; };
		717925EE26009BA300A4A159 /* Preview Assets.xcassets */ = {isa = PBXFileReference; lastKnownFileType = folder.assetcatalog; path = "Preview Assets.xcassets"; sourceTree = "<group>"; };
		717925F126009BA300A4A159 /* Base */ = {isa = PBXFileReference; lastKnownFileType = file.storyboard; name = Base; path = Base.lproj/LaunchScreen.storyboard; sourceTree = "<group>"; };
		717925F326009BA300A4A159 /* Info.plist */ = {isa = PBXFileReference; lastKnownFileType = text.plist.xml; path = Info.plist; sourceTree = "<group>"; };
		717925F826009BA300A4A159 /* MyCamera13Tests.xctest */ = {isa = PBXFileReference; explicitFileType = wrapper.cfbundle; includeInIndex = 0; path = MyCamera13Tests.xctest; sourceTree = BUILT_PRODUCTS_DIR; };
		717925FC26009BA300A4A159 /* MyCamera13Tests.swift */ = {isa = PBXFileReference; lastKnownFileType = sourcecode.swift; path = MyCamera13Tests.swift; sourceTree = "<group>"; };
		717925FE26009BA300A4A159 /* Info.plist */ = {isa = PBXFileReference; lastKnownFileType = text.plist.xml; path = Info.plist; sourceTree = "<group>"; };
		7179260326009BA300A4A159 /* MyCamera13UITests.xctest */ = {isa = PBXFileReference; explicitFileType = wrapper.cfbundle; includeInIndex = 0; path = MyCamera13UITests.xctest; sourceTree = BUILT_PRODUCTS_DIR; };
		7179260726009BA300A4A159 /* MyCamera13UITests.swift */ = {isa = PBXFileReference; lastKnownFileType = sourcecode.swift; path = MyCamera13UITests.swift; sourceTree = "<group>"; };
		7179260926009BA300A4A159 /* Info.plist */ = {isa = PBXFileReference; lastKnownFileType = text.plist.xml; path = Info.plist; sourceTree = "<group>"; };
		7179261E26009FF300A4A159 /* ActivityView.swift */ = {isa = PBXFileReference; fileEncoding = 4; lastKnownFileType = sourcecode.swift; path = ActivityView.swift; sourceTree = "<group>"; };
		7179261F26009FF300A4A159 /* ImagePickerView.swift */ = {isa = PBXFileReference; fileEncoding = 4; lastKnownFileType = sourcecode.swift; path = ImagePickerView.swift; sourceTree = "<group>"; };
		7179262026009FF300A4A159 /* PHPickerView.swift */ = {isa = PBXFileReference; fileEncoding = 4; lastKnownFileType = sourcecode.swift; path = PHPickerView.swift; sourceTree = "<group>"; };
/* End PBXFileReference section */

/* Begin PBXFrameworksBuildPhase section */
		717925DF26009BA200A4A159 /* Frameworks */ = {
			isa = PBXFrameworksBuildPhase;
			buildActionMask = 2147483647;
			files = (
			);
			runOnlyForDeploymentPostprocessing = 0;
		};
		717925F526009BA300A4A159 /* Frameworks */ = {
			isa = PBXFrameworksBuildPhase;
			buildActionMask = 2147483647;
			files = (
			);
			runOnlyForDeploymentPostprocessing = 0;
		};
		7179260026009BA300A4A159 /* Frameworks */ = {
			isa = PBXFrameworksBuildPhase;
			buildActionMask = 2147483647;
			files = (
			);
			runOnlyForDeploymentPostprocessing = 0;
		};
/* End PBXFrameworksBuildPhase section */

/* Begin PBXGroup section */
		717925D926009BA200A4A159 = {
			isa = PBXGroup;
			children = (
				717925E426009BA200A4A159 /* MyCamera13 */,
				717925FB26009BA300A4A159 /* MyCamera13Tests */,
				7179260626009BA300A4A159 /* MyCamera13UITests */,
				717925E326009BA200A4A159 /* Products */,
			);
			sourceTree = "<group>";
		};
		717925E326009BA200A4A159 /* Products */ = {
			isa = PBXGroup;
			children = (
				717925E226009BA200A4A159 /* MyCamera13.app */,
				717925F826009BA300A4A159 /* MyCamera13Tests.xctest */,
				7179260326009BA300A4A159 /* MyCamera13UITests.xctest */,
			);
			name = Products;
			sourceTree = "<group>";
		};
		717925E426009BA200A4A159 /* MyCamera13 */ = {
			isa = PBXGroup;
			children = (
				717925E526009BA200A4A159 /* AppDelegate.swift */,
				717925E726009BA200A4A159 /* SceneDelegate.swift */,
				717925E926009BA200A4A159 /* ContentView.swift */,
				7179261E26009FF300A4A159 /* ActivityView.swift */,
				7179261F26009FF300A4A159 /* ImagePickerView.swift */,
				7179262026009FF300A4A159 /* PHPickerView.swift */,
				717925EB26009BA300A4A159 /* Assets.xcassets */,
				717925F026009BA300A4A159 /* LaunchScreen.storyboard */,
				717925F326009BA300A4A159 /* Info.plist */,
				717925ED26009BA300A4A159 /* Preview Content */,
			);
			path = MyCamera13;
			sourceTree = "<group>";
		};
		717925ED26009BA300A4A159 /* Preview Content */ = {
			isa = PBXGroup;
			children = (
				717925EE26009BA300A4A159 /* Preview Assets.xcassets */,
			);
			path = "Preview Content";
			sourceTree = "<group>";
		};
		717925FB26009BA300A4A159 /* MyCamera13Tests */ = {
			isa = PBXGroup;
			children = (
				717925FC26009BA300A4A159 /* MyCamera13Tests.swift */,
				717925FE26009BA300A4A159 /* Info.plist */,
			);
			path = MyCamera13Tests;
			sourceTree = "<group>";
		};
		7179260626009BA300A4A159 /* MyCamera13UITests */ = {
			isa = PBXGroup;
			children = (
				7179260726009BA300A4A159 /* MyCamera13UITests.swift */,
				7179260926009BA300A4A159 /* Info.plist */,
			);
			path = MyCamera13UITests;
			sourceTree = "<group>";
		};
/* End PBXGroup section */

/* Begin PBXNativeTarget section */
		717925E126009BA200A4A159 /* MyCamera13 */ = {
			isa = PBXNativeTarget;
			buildConfigurationList = 7179260C26009BA300A4A159 /* Build configuration list for PBXNativeTarget "MyCamera13" */;
			buildPhases = (
				717925DE26009BA200A4A159 /* Sources */,
				717925DF26009BA200A4A159 /* Frameworks */,
				717925E026009BA200A4A159 /* Resources */,
			);
			buildRules = (
			);
			dependencies = (
			);
			name = MyCamera13;
			productName = MyCamera13;
			productReference = 717925E226009BA200A4A159 /* MyCamera13.app */;
			productType = "com.apple.product-type.application";
		};
		717925F726009BA300A4A159 /* MyCamera13Tests */ = {
			isa = PBXNativeTarget;
			buildConfigurationList = 7179260F26009BA300A4A159 /* Build configuration list for PBXNativeTarget "MyCamera13Tests" */;
			buildPhases = (
				717925F426009BA300A4A159 /* Sources */,
				717925F526009BA300A4A159 /* Frameworks */,
				717925F626009BA300A4A159 /* Resources */,
			);
			buildRules = (
			);
			dependencies = (
				717925FA26009BA300A4A159 /* PBXTargetDependency */,
			);
			name = MyCamera13Tests;
			productName = MyCamera13Tests;
			productReference = 717925F826009BA300A4A159 /* MyCamera13Tests.xctest */;
			productType = "com.apple.product-type.bundle.unit-test";
		};
		7179260226009BA300A4A159 /* MyCamera13UITests */ = {
			isa = PBXNativeTarget;
			buildConfigurationList = 7179261226009BA300A4A159 /* Build configuration list for PBXNativeTarget "MyCamera13UITests" */;
			buildPhases = (
				717925FF26009BA300A4A159 /* Sources */,
				7179260026009BA300A4A159 /* Frameworks */,
				7179260126009BA300A4A159 /* Resources */,
			);
			buildRules = (
			);
			dependencies = (
				7179260526009BA300A4A159 /* PBXTargetDependency */,
			);
			name = MyCamera13UITests;
			productName = MyCamera13UITests;
			productReference = 7179260326009BA300A4A159 /* MyCamera13UITests.xctest */;
			productType = "com.apple.product-type.bundle.ui-testing";
		};
/* End PBXNativeTarget section */

/* Begin PBXProject section */
		717925DA26009BA200A4A159 /* Project object */ = {
			isa = PBXProject;
			attributes = {
				LastSwiftUpdateCheck = 1240;
				LastUpgradeCheck = 1240;
				TargetAttributes = {
					717925E126009BA200A4A159 = {
						CreatedOnToolsVersion = 12.4;
					};
					717925F726009BA300A4A159 = {
						CreatedOnToolsVersion = 12.4;
						TestTargetID = 717925E126009BA200A4A159;
					};
					7179260226009BA300A4A159 = {
						CreatedOnToolsVersion = 12.4;
						TestTargetID = 717925E126009BA200A4A159;
					};
				};
			};
			buildConfigurationList = 717925DD26009BA200A4A159 /* Build configuration list for PBXProject "MyCamera13" */;
			compatibilityVersion = "Xcode 9.3";
			developmentRegion = en;
			hasScannedForEncodings = 0;
			knownRegions = (
				en,
				Base,
			);
			mainGroup = 717925D926009BA200A4A159;
			productRefGroup = 717925E326009BA200A4A159 /* Products */;
			projectDirPath = "";
			projectRoot = "";
			targets = (
				717925E126009BA200A4A159 /* MyCamera13 */,
				717925F726009BA300A4A159 /* MyCamera13Tests */,
				7179260226009BA300A4A159 /* MyCamera13UITests */,
			);
		};
/* End PBXProject section */

/* Begin PBXResourcesBuildPhase section */
		717925E026009BA200A4A159 /* Resources */ = {
			isa = PBXResourcesBuildPhase;
			buildActionMask = 2147483647;
			files = (
				717925F226009BA300A4A159 /* LaunchScreen.storyboard in Resources */,
				717925EF26009BA300A4A159 /* Preview Assets.xcassets in Resources */,
				717925EC26009BA300A4A159 /* Assets.xcassets in Resources */,
			);
			runOnlyForDeploymentPostprocessing = 0;
		};
		717925F626009BA300A4A159 /* Resources */ = {
			isa = PBXResourcesBuildPhase;
			buildActionMask = 2147483647;
			files = (
			);
			runOnlyForDeploymentPostprocessing = 0;
		};
		7179260126009BA300A4A159 /* Resources */ = {
			isa = PBXResourcesBuildPhase;
			buildActionMask = 2147483647;
			files = (
			);
			runOnlyForDeploymentPostprocessing = 0;
		};
/* End PBXResourcesBuildPhase section */

/* Begin PBXSourcesBuildPhase section */
		717925DE26009BA200A4A159 /* Sources */ = {
			isa = PBXSourcesBuildPhase;
			buildActionMask = 2147483647;
			files = (
				717925E626009BA200A4A159 /* AppDelegate.swift in Sources */,
				7179262126009FF300A4A159 /* ActivityView.swift in Sources */,
				7179262326009FF300A4A159 /* PHPickerView.swift in Sources */,
				717925E826009BA200A4A159 /* SceneDelegate.swift in Sources */,
				717925EA26009BA200A4A159 /* ContentView.swift in Sources */,
				7179262226009FF300A4A159 /* ImagePickerView.swift in Sources */,
			);
			runOnlyForDeploymentPostprocessing = 0;
		};
		717925F426009BA300A4A159 /* Sources */ = {
			isa = PBXSourcesBuildPhase;
			buildActionMask = 2147483647;
			files = (
				717925FD26009BA300A4A159 /* MyCamera13Tests.swift in Sources */,
			);
			runOnlyForDeploymentPostprocessing = 0;
		};
		717925FF26009BA300A4A159 /* Sources */ = {
			isa = PBXSourcesBuildPhase;
			buildActionMask = 2147483647;
			files = (
				7179260826009BA300A4A159 /* MyCamera13UITests.swift in Sources */,
			);
			runOnlyForDeploymentPostprocessing = 0;
		};
/* End PBXSourcesBuildPhase section */

/* Begin PBXTargetDependency section */
		717925FA26009BA300A4A159 /* PBXTargetDependency */ = {
			isa = PBXTargetDependency;
			target = 717925E126009BA200A4A159 /* MyCamera13 */;
			targetProxy = 717925F926009BA300A4A159 /* PBXContainerItemProxy */;
		};
		7179260526009BA300A4A159 /* PBXTargetDependency */ = {
			isa = PBXTargetDependency;
			target = 717925E126009BA200A4A159 /* MyCamera13 */;
			targetProxy = 7179260426009BA300A4A159 /* PBXContainerItemProxy */;
		};
/* End PBXTargetDependency section */

/* Begin PBXVariantGroup section */
		717925F026009BA300A4A159 /* LaunchScreen.storyboard */ = {
			isa = PBXVariantGroup;
			children = (
				717925F126009BA300A4A159 /* Base */,
			);
			name = LaunchScreen.storyboard;
			sourceTree = "<group>";
		};
/* End PBXVariantGroup section */

/* Begin XCBuildConfiguration section */
		7179260A26009BA300A4A159 /* Debug */ = {
			isa = XCBuildConfiguration;
			buildSettings = {
				ALWAYS_SEARCH_USER_PATHS = NO;
				CLANG_ANALYZER_NONNULL = YES;
				CLANG_ANALYZER_NUMBER_OBJECT_CONVERSION = YES_AGGRESSIVE;
				CLANG_CXX_LANGUAGE_STANDARD = "gnu++14";
				CLANG_CXX_LIBRARY = "libc++";
				CLANG_ENABLE_MODULES = YES;
				CLANG_ENABLE_OBJC_ARC = YES;
				CLANG_ENABLE_OBJC_WEAK = YES;
				CLANG_WARN_BLOCK_CAPTURE_AUTORELEASING = YES;
				CLANG_WARN_BOOL_CONVERSION = YES;
				CLANG_WARN_COMMA = YES;
				CLANG_WARN_CONSTANT_CONVERSION = YES;
				CLANG_WARN_DEPRECATED_OBJC_IMPLEMENTATIONS = YES;
				CLANG_WARN_DIRECT_OBJC_ISA_USAGE = YES_ERROR;
				CLANG_WARN_DOCUMENTATION_COMMENTS = YES;
				CLANG_WARN_EMPTY_BODY = YES;
				CLANG_WARN_ENUM_CONVERSION = YES;
				CLANG_WARN_INFINITE_RECURSION = YES;
				CLANG_WARN_INT_CONVERSION = YES;
				CLANG_WARN_NON_LITERAL_NULL_CONVERSION = YES;
				CLANG_WARN_OBJC_IMPLICIT_RETAIN_SELF = YES;
				CLANG_WARN_OBJC_LITERAL_CONVERSION = YES;
				CLANG_WARN_OBJC_ROOT_CLASS = YES_ERROR;
				CLANG_WARN_QUOTED_INCLUDE_IN_FRAMEWORK_HEADER = YES;
				CLANG_WARN_RANGE_LOOP_ANALYSIS = YES;
				CLANG_WARN_STRICT_PROTOTYPES = YES;
				CLANG_WARN_SUSPICIOUS_MOVE = YES;
				CLANG_WARN_UNGUARDED_AVAILABILITY = YES_AGGRESSIVE;
				CLANG_WARN_UNREACHABLE_CODE = YES;
				CLANG_WARN__DUPLICATE_METHOD_MATCH = YES;
				COPY_PHASE_STRIP = NO;
				DEBUG_INFORMATION_FORMAT = dwarf;
				ENABLE_STRICT_OBJC_MSGSEND = YES;
				ENABLE_TESTABILITY = YES;
				GCC_C_LANGUAGE_STANDARD = gnu11;
				GCC_DYNAMIC_NO_PIC = NO;
				GCC_NO_COMMON_BLOCKS = YES;
				GCC_OPTIMIZATION_LEVEL = 0;
				GCC_PREPROCESSOR_DEFINITIONS = (
					"DEBUG=1",
					"$(inherited)",
				);
				GCC_WARN_64_TO_32_BIT_CONVERSION = YES;
				GCC_WARN_ABOUT_RETURN_TYPE = YES_ERROR;
				GCC_WARN_UNDECLARED_SELECTOR = YES;
				GCC_WARN_UNINITIALIZED_AUTOS = YES_AGGRESSIVE;
				GCC_WARN_UNUSED_FUNCTION = YES;
				GCC_WARN_UNUSED_VARIABLE = YES;
				IPHONEOS_DEPLOYMENT_TARGET = 14.4;
				MTL_ENABLE_DEBUG_INFO = INCLUDE_SOURCE;
				MTL_FAST_MATH = YES;
				ONLY_ACTIVE_ARCH = YES;
				SDKROOT = iphoneos;
				SWIFT_ACTIVE_COMPILATION_CONDITIONS = DEBUG;
				SWIFT_OPTIMIZATION_LEVEL = "-Onone";
			};
			name = Debug;
		};
		7179260B26009BA300A4A159 /* Release */ = {
			isa = XCBuildConfiguration;
			buildSettings = {
				ALWAYS_SEARCH_USER_PATHS = NO;
				CLANG_ANALYZER_NONNULL = YES;
				CLANG_ANALYZER_NUMBER_OBJECT_CONVERSION = YES_AGGRESSIVE;
				CLANG_CXX_LANGUAGE_STANDARD = "gnu++14";
				CLANG_CXX_LIBRARY = "libc++";
				CLANG_ENABLE_MODULES = YES;
				CLANG_ENABLE_OBJC_ARC = YES;
				CLANG_ENABLE_OBJC_WEAK = YES;
				CLANG_WARN_BLOCK_CAPTURE_AUTORELEASING = YES;
				CLANG_WARN_BOOL_CONVERSION = YES;
				CLANG_WARN_COMMA = YES;
				CLANG_WARN_CONSTANT_CONVERSION = YES;
				CLANG_WARN_DEPRECATED_OBJC_IMPLEMENTATIONS = YES;
				CLANG_WARN_DIRECT_OBJC_ISA_USAGE = YES_ERROR;
				CLANG_WARN_DOCUMENTATION_COMMENTS = YES;
				CLANG_WARN_EMPTY_BODY = YES;
				CLANG_WARN_ENUM_CONVERSION = YES;
				CLANG_WARN_INFINITE_RECURSION = YES;
				CLANG_WARN_INT_CONVERSION = YES;
				CLANG_WARN_NON_LITERAL_NULL_CONVERSION = YES;
				CLANG_WARN_OBJC_IMPLICIT_RETAIN_SELF = YES;
				CLANG_WARN_OBJC_LITERAL_CONVERSION = YES;
				CLANG_WARN_OBJC_ROOT_CLASS = YES_ERROR;
				CLANG_WARN_QUOTED_INCLUDE_IN_FRAMEWORK_HEADER = YES;
				CLANG_WARN_RANGE_LOOP_ANALYSIS = YES;
				CLANG_WARN_STRICT_PROTOTYPES = YES;
				CLANG_WARN_SUSPICIOUS_MOVE = YES;
				CLANG_WARN_UNGUARDED_AVAILABILITY = YES_AGGRESSIVE;
				CLANG_WARN_UNREACHABLE_CODE = YES;
				CLANG_WARN__DUPLICATE_METHOD_MATCH = YES;
				COPY_PHASE_STRIP = NO;
				DEBUG_INFORMATION_FORMAT = "dwarf-with-dsym";
				ENABLE_NS_ASSERTIONS = NO;
				ENABLE_STRICT_OBJC_MSGSEND = YES;
				GCC_C_LANGUAGE_STANDARD = gnu11;
				GCC_NO_COMMON_BLOCKS = YES;
				GCC_WARN_64_TO_32_BIT_CONVERSION = YES;
				GCC_WARN_ABOUT_RETURN_TYPE = YES_ERROR;
				GCC_WARN_UNDECLARED_SELECTOR = YES;
				GCC_WARN_UNINITIALIZED_AUTOS = YES_AGGRESSIVE;
				GCC_WARN_UNUSED_FUNCTION = YES;
				GCC_WARN_UNUSED_VARIABLE = YES;
				IPHONEOS_DEPLOYMENT_TARGET = 14.4;
				MTL_ENABLE_DEBUG_INFO = NO;
				MTL_FAST_MATH = YES;
				SDKROOT = iphoneos;
				SWIFT_COMPILATION_MODE = wholemodule;
				SWIFT_OPTIMIZATION_LEVEL = "-O";
				VALIDATE_PRODUCT = YES;
			};
			name = Release;
		};
		7179260D26009BA300A4A159 /* Debug */ = {
			isa = XCBuildConfiguration;
			buildSettings = {
				ASSETCATALOG_COMPILER_APPICON_NAME = AppIcon;
				ASSETCATALOG_COMPILER_GLOBAL_ACCENT_COLOR_NAME = AccentColor;
				CODE_SIGN_STYLE = Automatic;
				DEVELOPMENT_ASSET_PATHS = "\"MyCamera13/Preview Content\"";
				DEVELOPMENT_TEAM = DU29U35ZKE;
				ENABLE_PREVIEWS = YES;
				INFOPLIST_FILE = MyCamera13/Info.plist;
				IPHONEOS_DEPLOYMENT_TARGET = 13.0;
				LD_RUNPATH_SEARCH_PATHS = (
					"$(inherited)",
					"@executable_path/Frameworks",
				);
				PRODUCT_BUNDLE_IDENTIFIER = Style2Natural.MyCamera13;
				PRODUCT_NAME = "$(TARGET_NAME)";
				SWIFT_VERSION = 5.0;
				TARGETED_DEVICE_FAMILY = "1,2";
			};
			name = Debug;
		};
		7179260E26009BA300A4A159 /* Release */ = {
			isa = XCBuildConfiguration;
			buildSettings = {
				ASSETCATALOG_COMPILER_APPICON_NAME = AppIcon;
				ASSETCATALOG_COMPILER_GLOBAL_ACCENT_COLOR_NAME = AccentColor;
				CODE_SIGN_STYLE = Automatic;
				DEVELOPMENT_ASSET_PATHS = "\"MyCamera13/Preview Content\"";
				DEVELOPMENT_TEAM = DU29U35ZKE;
				ENABLE_PREVIEWS = YES;
				INFOPLIST_FILE = MyCamera13/Info.plist;
				IPHONEOS_DEPLOYMENT_TARGET = 13.0;
				LD_RUNPATH_SEARCH_PATHS = (
					"$(inherited)",
					"@executable_path/Frameworks",
				);
				PRODUCT_BUNDLE_IDENTIFIER = Style2Natural.MyCamera13;
				PRODUCT_NAME = "$(TARGET_NAME)";
				SWIFT_VERSION = 5.0;
				TARGETED_DEVICE_FAMILY = "1,2";
			};
			name = Release;
		};
		7179261026009BA300A4A159 /* Debug */ = {
			isa = XCBuildConfiguration;
			buildSettings = {
				ALWAYS_EMBED_SWIFT_STANDARD_LIBRARIES = YES;
				BUNDLE_LOADER = "$(TEST_HOST)";
				CODE_SIGN_STYLE = Automatic;
				DEVELOPMENT_TEAM = PTUKDUTHP4;
				INFOPLIST_FILE = MyCamera13Tests/Info.plist;
				IPHONEOS_DEPLOYMENT_TARGET = 14.4;
				LD_RUNPATH_SEARCH_PATHS = (
					"$(inherited)",
					"@executable_path/Frameworks",
					"@loader_path/Frameworks",
				);
				PRODUCT_BUNDLE_IDENTIFIER = "daito-yamashita.MyCamera13Tests";
				PRODUCT_NAME = "$(TARGET_NAME)";
				SWIFT_VERSION = 5.0;
				TARGETED_DEVICE_FAMILY = "1,2";
				TEST_HOST = "$(BUILT_PRODUCTS_DIR)/MyCamera13.app/MyCamera13";
			};
			name = Debug;
		};
		7179261126009BA300A4A159 /* Release */ = {
			isa = XCBuildConfiguration;
			buildSettings = {
				ALWAYS_EMBED_SWIFT_STANDARD_LIBRARIES = YES;
				BUNDLE_LOADER = "$(TEST_HOST)";
				CODE_SIGN_STYLE = Automatic;
				DEVELOPMENT_TEAM = PTUKDUTHP4;
				INFOPLIST_FILE = MyCamera13Tests/Info.plist;
				IPHONEOS_DEPLOYMENT_TARGET = 14.4;
				LD_RUNPATH_SEARCH_PATHS = (
					"$(inherited)",
					"@executable_path/Frameworks",
					"@loader_path/Frameworks",
				);
				PRODUCT_BUNDLE_IDENTIFIER = "daito-yamashita.MyCamera13Tests";
				PRODUCT_NAME = "$(TARGET_NAME)";
				SWIFT_VERSION = 5.0;
				TARGETED_DEVICE_FAMILY = "1,2";
				TEST_HOST = "$(BUILT_PRODUCTS_DIR)/MyCamera13.app/MyCamera13";
			};
			name = Release;
		};
		7179261326009BA300A4A159 /* Debug */ = {
			isa = XCBuildConfiguration;
			buildSettings = {
				ALWAYS_EMBED_SWIFT_STANDARD_LIBRARIES = YES;
				CODE_SIGN_STYLE = Automatic;
				DEVELOPMENT_TEAM = PTUKDUTHP4;
				INFOPLIST_FILE = MyCamera13UITests/Info.plist;
				LD_RUNPATH_SEARCH_PATHS = (
					"$(inherited)",
					"@executable_path/Frameworks",
					"@loader_path/Frameworks",
				);
				PRODUCT_BUNDLE_IDENTIFIER = "daito-yamashita.MyCamera13UITests";
				PRODUCT_NAME = "$(TARGET_NAME)";
				SWIFT_VERSION = 5.0;
				TARGETED_DEVICE_FAMILY = "1,2";
				TEST_TARGET_NAME = MyCamera13;
			};
			name = Debug;
		};
		7179261426009BA300A4A159 /* Release */ = {
			isa = XCBuildConfiguration;
			buildSettings = {
				ALWAYS_EMBED_SWIFT_STANDARD_LIBRARIES = YES;
				CODE_SIGN_STYLE = Automatic;
				DEVELOPMENT_TEAM = PTUKDUTHP4;
				INFOPLIST_FILE = MyCamera13UITests/Info.plist;
				LD_RUNPATH_SEARCH_PATHS = (
					"$(inherited)",
					"@executable_path/Frameworks",
					"@loader_path/Frameworks",
				);
				PRODUCT_BUNDLE_IDENTIFIER = "daito-yamashita.MyCamera13UITests";
				PRODUCT_NAME = "$(TARGET_NAME)";
				SWIFT_VERSION = 5.0;
				TARGETED_DEVICE_FAMILY = "1,2";
				TEST_TARGET_NAME = MyCamera13;
			};
			name = Release;
		};
/* End XCBuildConfiguration section */

/* Begin XCConfigurationList section */
		717925DD26009BA200A4A159 /* Build configuration list for PBXProject "MyCamera13" */ = {
			isa = XCConfigurationList;
			buildConfigurations = (
				7179260A26009BA300A4A159 /* Debug */,
				7179260B26009BA300A4A159 /* Release */,
			);
			defaultConfigurationIsVisible = 0;
			defaultConfigurationName = Release;
		};
		7179260C26009BA300A4A159 /* Build configuration list for PBXNativeTarget "MyCamera13" */ = {
			isa = XCConfigurationList;
			buildConfigurations = (
				7179260D26009BA300A4A159 /* Debug */,
				7179260E26009BA300A4A159 /* Release */,
			);
			defaultConfigurationIsVisible = 0;
			defaultConfigurationName = Release;
		};
		7179260F26009BA300A4A159 /* Build configuration list for PBXNativeTarget "MyCamera13Tests" */ = {
			isa = XCConfigurationList;
			buildConfigurations = (
				7179261026009BA300A4A159 /* Debug */,
				7179261126009BA300A4A159 /* Release */,
			);
			defaultConfigurationIsVisible = 0;
			defaultConfigurationName = Release;
		};
		7179261226009BA300A4A159 /* Build configuration list for PBXNativeTarget "MyCamera13UITests" */ = {
			isa = XCConfigurationList;
			buildConfigurations = (
				7179261326009BA300A4A159 /* Debug */,
				7179261426009BA300A4A159 /* Release */,
			);
			defaultConfigurationIsVisible = 0;
			defaultConfigurationName = Release;
		};
/* End XCConfigurationList section */
	};
	rootObject = 717925DA26009BA200A4A159 /* Project object */;
}
